# This file is automatically @generated by Poetry 2.3.2 and should not be changed by hand.

[[package]]
name = "colorama"
version = "0.4.6"
description = "Cross-platform colored terminal text."
optional = false
python-versions = "!=3.0.*,!=3.1.*,!=3.2.*,!=3.3.*,!=3.4.*,!=3.5.*,!=3.6.*,>=2.7"
groups = ["dev"]
markers = "sys_platform == \"win32\""
files = [
    {file = "colorama-0.4.6-py2.py3-none-any.whl", hash = "sha256:4f1d9991f5acc0ca119f9d443620b77f9d6b33703e51011c16baf57afb285fc6"},
    {file = "colorama-0.4.6.tar.gz", hash = "sha256:08695f5cb7ed6e0531a20572697297273c47b8cae5a63ffc6d6ed5c201be6e44"},
]

[[package]]
name = "docstring-parser"
version = "0.18.0"
description = "Parse Python docstrings in reST, Google and Numpydoc format"
optional = false
python-versions = ">=3.8"
groups = ["main"]
files = [
    {file = "docstring_parser-0.18.0-py3-none-any.whl", hash = "sha256:b3fcbed555c47d8479be0796ef7e19c2670d428d72e96da63f3a40122860374b"},
    {file = "docstring_parser-0.18.0.tar.gz", hash = "sha256:292510982205c12b1248696f44959db3cdd1740237a968ea1e2e7a900eeb2015"},
]

[package.extras]
dev = ["pre-commit (>=2.16.0) ; python_version >= \"3.9\"", "pydoctor (>=25.4.0)", "pytest"]
docs = ["pydoctor (>=25.4.0)"]
test = ["pytest"]

[[package]]
name = "iniconfig"
version = "2.0.0"
description = "brain-dead simple config-ini parsing"
optional = false
python-versions = ">=3.7"
groups = ["dev"]
files = [
    {file = "iniconfig-2.0.0-py3-none-any.whl", hash = "sha256:b6a85871a79d2e3b22d2d1b94ac2824226a63c6b741c88f7ae975f18b6778374"},
    {file = "iniconfig-2.0.0.tar.gz", hash = "sha256:2d91e135bf72d31a410b17c16da610a82cb55f6b0477d1a902134b24a455b8b3"},
]

[[package]]
name = "jedi"
version = "0.20.0"
description = "An autocompletion tool for Python that can be used for text editors."
optional = false
python-versions = ">=3.10"
groups = ["main"]
files = [
    {file = "jedi-0.20.0-py2.py3-none-any.whl", hash = "sha256:7bdd9c2634f56713299976f4cbd59cb3fa92165cc5e05ea811fb253480728b67"},
    {file = "jedi-0.20.0.tar.gz", hash = "sha256:c3f4ccbd276696f4b19c54618d4fb18f9fc24b0aef02acf704b23f487daa1011"},
]

[package.dependencies]
parso = ">=0.8.6,<0.9.0"

[package.extras]
dev = ["Django", "attrs", "colorama", "docopt", "flake8 (==7.1.2)", "pytest (<9.0.0)", "types-setuptools (==80.9.0.20250529)", "typing-extensions", "zuban (==0.7.0)"]
docs = ["Jinja2 (==3.1.6)", "MarkupSafe (==3.0.3)", "Pygments (==2.20.0)", "Sphinx (==9.1.0)", "alabaster (==1.0.0)", "babel (==2.18.0)", "certifi (==2026.4.22)", "charset-normalizer (==3.4.7)", "docutils (==0.22.4)", "idna (==3.13)", "imagesize (==2.0.0)", "iniconfig (==2.3.0)", "packaging (==26.2)", "pluggy (==1.6.0)", "pytest (==9.0.3)", "requests (==2.33.1)", "roman-numerals (==4.1.0)", "snowballstemmer (==3.0.1)", "sphinx-rtd-theme (==3.1.0)", "sphinxcontrib-applehelp (==2.0.0)", "sphinxcontrib-devhelp (==2.0.0)", "sphinxcontrib-htmlhelp (==2.1.0)", "sphinxcontrib-jquery (==4.1)", "sphinxcontrib-jsmath (==1.0.1)", "sphinxcontrib-qthelp (==2.0.0)", "sphinxcontrib-serializinghtml (==2.0.0)", "urllib3 (==2.6.3)"]

[[package]]
name = "packaging"
version = "24.2"
description = "Core utilities for Python packages"
optional = false
python-versions = ">=3.8"
groups = ["dev"]
files = [
    {file = "packaging-24.2-py3-none-any.whl", hash = "sha256:09abb1bccd265c01f4a3aa3f7a7db064b36514d2cba19a2f694fe6150451a759"},
    {file = "packaging-24.2.tar.gz", hash = "sha256:c228a6dc5e932d346bc5739379109d49e8853dd8223571c7c5b55260edc0b97f"},
]

[[package]]
name = "parso"
version = "0.8.7"
description = "A Python Parser"
optional = false
python-versions = ">=3.6"
groups = ["main"]
files = [
    {file = "parso-0.8.7-py2.py3-none-any.whl", hash = "sha256:a8926eb2a1b915486941fdbd31e86a4baf88fe8c210f25f2f35ecec5b574ca1c"},
    {file = "parso-0.8.7.tar.gz", hash = "sha256:eaaac4c9fdd5e9e8852dc778d2d7405897ec510f2a298071453e5e3a07914bb1"},
]

[package.extras]
qa = ["flake8 (==5.0.4)", "types-setuptools (==67.2.0.1)", "zuban (==0.5.1)"]
testing = ["docopt", "pytest"]

[[package]]
name = "pluggy"
version = "1.5.0"
description = "plugin and hook calling mechanisms for python"
optional = false
python-versions = ">=3.8"
groups = ["dev"]
files = [
    {file = "pluggy-1.5.0-py3-none-any.whl", hash = "sha256:44e1ad92c8ca002de6377e165f3e0f1be63266ab4d554740532335b9d75ea669"},
    {file = "pluggy-1.5.0.tar.gz", hash = "sha256:2cffa88e94fdc978c4c574f15f9e59b7f4201d439195c3715ca9e2486f1d0cf1"},
]

[package.extras]
dev = ["pre-commit", "tox"]
testing = ["pytest", "pytest-benchmark"]

[[package]]
name = "pybricks"
version = "4.0.0b10"
description = "Documentation and user-API stubs for Pybricks MicroPython"
optional = false
python-versions = "^3.8"
groups = ["main", "dev"]
files = []
develop = true

[package.source]
type = "directory"
url = ".."

[[package]]
name = "pygments"
version = "2.21.0"
description = "Pygments is a syntax highlighting package written in Python."
optional = false
python-versions = ">=3.9"
groups = ["dev"]
files = [
    {file = "pygments-2.21.0-py3-none-any.whl", hash = "sha256:2363c69b61c4a97c838da3b130dcd6468f4848992b21a82f2a63ec34377137d9"},
    {file = "pygments-2.21.0.tar.gz", hash = "sha256:610ca751c9bc2492b38eb9a38a7fbc93edbbb2d7182edaf34e66ae493dee5c8c"},
]

[package.extras]
windows-terminal = ["colorama (>=0.4.6)"]

[[package]]
name = "pytest"
version = "9.1.1"
description = "pytest: simple powerful testing with Python"
optional = false
python-versions = ">=3.10"
groups = ["dev"]
files = [
    {file = "pytest-9.1.1-py3-none-any.whl", hash = "sha256:37a86b45efb9a47a61a36449063e8e18d0cab3161329fc099eb21783169c4f0c"},
    {file = "pytest-9.1.1.tar.gz", hash = "sha256:1088fbde8f2b49d95a549a195707afa7a76a3ce9bcadc26b6d71f0ffda5fe313"},
]

[package.dependencies]
colorama = {version = ">=0.4", markers = "sys_platform == \"win32\""}
iniconfig = ">=1.0.1"
packaging = ">=22"
pluggy = ">=1.5,<2"
pygments = ">=2.7.2"

[package.extras]
dev = ["argcomplete", "attrs (>=19.2)", "hypothesis (>=3.56)", "mock", "requests", "setuptools", "xmlschema"]

[[package]]
name = "typing-extensions"
version = "4.16.0"
description = "Backported and Experimental Type Hints for Python 3.9+"
optional = false
python-versions = ">=3.9"
groups = ["main"]
files = [
    {file = "typing_extensions-4.16.0-py3-none-any.whl", hash = "sha256:481caa481374e813c1b176ada14e97f1f67a4539ce9cfeb3f350d78d6370c2e8"},
    {file = "typing_extensions-4.16.0.tar.gz", hash = "sha256:dc983d19a509c94dba722ee6abd33940f7c05a89e243c47e907eb4db6f1a43e5"},
]

[metadata]
lock-version = "2.1"
python-versions = "^3.12"
content-hash = "3b2d224504372854874d2b39d3164d1dbc6d8c8b23ac0259523e09cd039e7727"
